
Microsoft Visual Studio Solution File, Format Version 12.00
# Visual Studio Version 16
VisualStudioVersion = 16.0.28803.156
MinimumVisualStudioVersion = 10.0.40219.1
Project("{2150E333-8FDC-42A3-9474-1A3956D46DE8}") = "01-实体层", "01-实体层", "{4F97F8F0-7A87-479B-AE6D-9C189F30F1A9}"
EndProject
Project("{2150E333-8FDC-42A3-9474-1A3956D46DE8}") = "02-数据仓储层", "02-数据仓储层", "{26113EB1-9D5E-4D95-84E9-57A5C5D6B07A}"
EndProject
Project("{2150E333-8FDC-42A3-9474-1A3956D46DE8}") = "03-业务逻辑层", "03-业务逻辑层", "{F7BB40E5-F521-4602-8709-7877AC69EB38}"
EndProject
Project("{2150E333-8FDC-42A3-9474-1A3956D46DE8}") = "04-公共层", "04-公共层", "{8256D4FE-EE67-4B1A-8A8D-EB1B715D6C6F}"
EndProject
Project("{2150E333-8FDC-42A3-9474-1A3956D46DE8}") = "05-Web", "05-Web", "{9E6F4062-CD1E-48D9-BBA9-8F512CD1E2C8}"
EndProject
Project("{9A19103F-16F7-4668-BE54-9A1E7A4F7556}") = "CRM.Core", "CRM.Core\CRM.Core.csproj", "{85A8A517-E068-4117-A182-6547453A2249}"
EndProject
Project("{9A19103F-16F7-4668-BE54-9A1E7A4F7556}") = "CRM.Model", "CRM.Model\CRM.Model.csproj", "{DDAA7A61-1114-42E2-A9D4-BEEAEDA256FF}"
EndProject
Project("{9A19103F-16F7-4668-BE54-9A1E7A4F7556}") = "CRM.Freamwork", "CRM.Freamwork\CRM.Freamwork.csproj", "{EAAC4F29-55B9-4258-A6BA-C0CE78FCBD90}"
EndProject
Project("{9A19103F-16F7-4668-BE54-9A1E7A4F7556}") = "CRM.WebAdmin.Api", "CRM.WebAdmin.Api\CRM.WebAdmin.Api.csproj", "{E2040890-0E20-4A92-B9A3-300D85E81EB9}"
EndProject
Project("{9A19103F-16F7-4668-BE54-9A1E7A4F7556}") = "CRM.IRepository", "CRM.IRepository\CRM.IRepository.csproj", "{D9FCBD50-569D-496C-879A-707CA2864830}"
EndProject
Project("{9A19103F-16F7-4668-BE54-9A1E7A4F7556}") = "CRM.Repository", "CRM.Repository\CRM.Repository.csproj", "{953A12E1-0EAB-45D5-B32A-ADBCE386D176}"
EndProject
Project("{9A19103F-16F7-4668-BE54-9A1E7A4F7556}") = "CRM.IService", "CRM.IService\CRM.IService.csproj", "{417A6541-C054-4B2F-B797-C54C73340E98}"
EndProject
Project("{9A19103F-16F7-4668-BE54-9A1E7A4F7556}") = "CRM.Service", "CRM.Service\CRM.Service.csproj", "{4E448829-C2ED-4354-AC91-8B424CD85F18}"
EndProject
Project("{2150E333-8FDC-42A3-9474-1A3956D46DE8}") = "06-计划任务", "06-计划任务", "{E698CEDB-F3B4-445A-9833-1C4090C98798}"
EndProject
Project("{2150E333-8FDC-42A3-9474-1A3956D46DE8}") = "07-测试", "07-测试", "{1FCEC07E-B61B-4647-94CC-54144BD767C7}"
EndProject
Global
	GlobalSection(SolutionConfigurationPlatforms) = preSolution
		Debug|Any CPU = Debug|Any CPU
		Release|Any CPU = Release|Any CPU
	EndGlobalSection
	GlobalSection(ProjectConfigurationPlatforms) = postSolution
		{85A8A517-E068-4117-A182-6547453A2249}.Debug|Any CPU.ActiveCfg = Debug|Any CPU
		{85A8A517-E068-4117-A182-6547453A2249}.Debug|Any CPU.Build.0 = Debug|Any CPU
		{85A8A517-E068-4117-A182-6547453A2249}.Release|Any CPU.ActiveCfg = Release|Any CPU
		{85A8A517-E068-4117-A182-6547453A2249}.Release|Any CPU.Build.0 = Release|Any CPU
		{DDAA7A61-1114-42E2-A9D4-BEEAEDA256FF}.Debug|Any CPU.ActiveCfg = Debug|Any CPU
		{DDAA7A61-1114-42E2-A9D4-BEEAEDA256FF}.Debug|Any CPU.Build.0 = Debug|Any CPU
		{DDAA7A61-1114-42E2-A9D4-BEEAEDA256FF}.Release|Any CPU.ActiveCfg = Release|Any CPU
		{DDAA7A61-1114-42E2-A9D4-BEEAEDA256FF}.Release|Any CPU.Build.0 = Release|Any CPU
		{EAAC4F29-55B9-4258-A6BA-C0CE78FCBD90}.Debug|Any CPU.ActiveCfg = Debug|Any CPU
		{EAAC4F29-55B9-4258-A6BA-C0CE78FCBD90}.Debug|Any CPU.Build.0 = Debug|Any CPU
		{EAAC4F29-55B9-4258-A6BA-C0CE78FCBD90}.Release|Any CPU.ActiveCfg = Release|Any CPU
		{EAAC4F29-55B9-4258-A6BA-C0CE78FCBD90}.Release|Any CPU.Build.0 = Release|Any CPU
		{E2040890-0E20-4A92-B9A3-300D85E81EB9}.Debug|Any CPU.ActiveCfg = Debug|Any CPU
		{E2040890-0E20-4A92-B9A3-300D85E81EB9}.Debug|Any CPU.Build.0 = Debug|Any CPU
		{E2040890-0E20-4A92-B9A3-300D85E81EB9}.Release|Any CPU.ActiveCfg = Release|Any CPU
		{E2040890-0E20-4A92-B9A3-300D85E81EB9}.Release|Any CPU.Build.0 = Release|Any CPU
		{D9FCBD50-569D-496C-879A-707CA2864830}.Debug|Any CPU.ActiveCfg = Debug|Any CPU
		{D9FCBD50-569D-496C-879A-707CA2864830}.Debug|Any CPU.Build.0 = Debug|Any CPU
		{D9FCBD50-569D-496C-879A-707CA2864830}.Release|Any CPU.ActiveCfg = Release|Any CPU
		{D9FCBD50-569D-496C-879A-707CA2864830}.Release|Any CPU.Build.0 = Release|Any CPU
		{953A12E1-0EAB-45D5-B32A-ADBCE386D176}.Debug|Any CPU.ActiveCfg = Debug|Any CPU
		{953A12E1-0EAB-45D5-B32A-ADBCE386D176}.Debug|Any CPU.Build.0 = Debug|Any CPU
		{953A12E1-0EAB-45D5-B32A-ADBCE386D176}.Release|Any CPU.ActiveCfg = Release|Any CPU
		{953A12E1-0EAB-45D5-B32A-ADBCE386D176}.Release|Any CPU.Build.0 = Release|Any CPU
		{417A6541-C054-4B2F-B797-C54C73340E98}.Debug|Any CPU.ActiveCfg = Debug|Any CPU
		{417A6541-C054-4B2F-B797-C54C73340E98}.Debug|Any CPU.Build.0 = Debug|Any CPU
		{417A6541-C054-4B2F-B797-C54C73340E98}.Release|Any CPU.ActiveCfg = Release|Any CPU
		{417A6541-C054-4B2F-B797-C54C73340E98}.Release|Any CPU.Build.0 = Release|Any CPU
		{4E448829-C2ED-4354-AC91-8B424CD85F18}.Debug|Any CPU.ActiveCfg = Debug|Any CPU
		{4E448829-C2ED-4354-AC91-8B424CD85F18}.Debug|Any CPU.Build.0 = Debug|Any CPU
		{4E448829-C2ED-4354-AC91-8B424CD85F18}.Release|Any CPU.ActiveCfg = Release|Any CPU
		{4E448829-C2ED-4354-AC91-8B424CD85F18}.Release|Any CPU.Build.0 = Release|Any CPU
	EndGlobalSection
	GlobalSection(SolutionProperties) = preSolution
		HideSolutionNode = FALSE
	EndGlobalSection
	GlobalSection(NestedProjects) = preSolution
		{85A8A517-E068-4117-A182-6547453A2249} = {8256D4FE-EE67-4B1A-8A8D-EB1B715D6C6F}
		{DDAA7A61-1114-42E2-A9D4-BEEAEDA256FF} = {4F97F8F0-7A87-479B-AE6D-9C189F30F1A9}
		{EAAC4F29-55B9-4258-A6BA-C0CE78FCBD90} = {8256D4FE-EE67-4B1A-8A8D-EB1B715D6C6F}
		{E2040890-0E20-4A92-B9A3-300D85E81EB9} = {9E6F4062-CD1E-48D9-BBA9-8F512CD1E2C8}
		{D9FCBD50-569D-496C-879A-707CA2864830} = {26113EB1-9D5E-4D95-84E9-57A5C5D6B07A}
		{953A12E1-0EAB-45D5-B32A-ADBCE386D176} = {26113EB1-9D5E-4D95-84E9-57A5C5D6B07A}
		{417A6541-C054-4B2F-B797-C54C73340E98} = {F7BB40E5-F521-4602-8709-7877AC69EB38}
		{4E448829-C2ED-4354-AC91-8B424CD85F18} = {F7BB40E5-F521-4602-8709-7877AC69EB38}
	EndGlobalSection
	GlobalSection(ExtensibilityGlobals) = postSolution
		SolutionGuid = {42A1D3D4-A2FD-4B54-9E7C-10333C0611D4}
	EndGlobalSection
EndGlobal
